{
  "version": 4,
  "terraform_version": "1.15.8",
  "serial": 27,
  "lineage": "26e52478-c8b8-66d0-d23d-cf1a9d5649b0",
  "outputs": {
    "ecr_repository_url": {
      "value": "994207923238.dkr.ecr.us-east-1.amazonaws.com/payment-app-repo",
      "type": "string"
    }
  },
  "resources": [
    {
      "mode": "data",
      "type": "aws_iam_role",
      "name": "lab_role",
      "provider": "provider[\"registry.terraform.io/hashicorp/aws\"]",
      "instances": [
        {
          "schema_version": 0,
          "attributes": {
            "arn": "arn:aws:iam::994207923238:role/LabRole",
            "assume_role_policy": "{\"Version\":\"2012-10-17\",\"Statement\":[{\"Effect\":\"Allow\",\"Principal\":{\"Service\":[\"dynamodb.amazonaws.com\",\"application-autoscaling.amazonaws.com\",\"lambda.amazonaws.com\",\"rds.amazonaws.com\",\"iot.amazonaws.com\",\"servicecatalog.amazonaws.com\",\"iotanalytics.amazonaws.com\",\"kinesisanalytics.amazonaws.com\",\"ecs-tasks.amazonaws.com\",\"sns.amazonaws.com\",\"kinesis.amazonaws.com\",\"backup.amazonaws.com\",\"pipes.amazonaws.com\",\"databrew.amazonaws.com\",\"cognito-idp.amazonaws.com\",\"glue.amazonaws.com\",\"firehose.amazonaws.com\",\"cloudtrail.amazonaws.com\",\"eks-fargate-pods.amazonaws.com\",\"states.amazonaws.com\",\"deepracer.amazonaws.com\",\"elasticmapreduce.amazonaws.com\",\"iotevents.amazonaws.com\",\"codecommit.amazonaws.com\",\"logs.amazonaws.com\",\"events.amazonaws.com\",\"ssm.amazonaws.com\",\"athena.amazonaws.com\",\"redshift.amazonaws.com\",\"elasticbeanstalk.amazonaws.com\",\"codewhisperer.amazonaws.com\",\"cloudformation.amazonaws.com\",\"ecs.amazonaws.com\",\"resource-groups.amazonaws.com\",\"batch.amazonaws.com\",\"scheduler.amazonaws.com\",\"kms.amazonaws.com\",\"cloud9.amazonaws.com\",\"secretsmanager.amazonaws.com\",\"sagemaker.amazonaws.com\",\"autoscaling.amazonaws.com\",\"ec2.amazonaws.com\",\"credentials.iot.amazonaws.com\",\"s3.amazonaws.com\",\"eks.amazonaws.com\",\"forecast.amazonaws.com\",\"ec2.application-autoscaling.amazonaws.com\",\"elasticloadbalancing.amazonaws.com\",\"sqs.amazonaws.com\",\"elasticfilesystem.amazonaws.com\",\"codedeploy.amazonaws.com\",\"rekognition.amazonaws.com\",\"apigateway.amazonaws.com\"],\"AWS\":\"arn:aws:iam::994207923238:role/LabRole\"},\"Action\":\"sts:AssumeRole\"}]}",
            "create_date": "2026-05-11T19:24:03Z",
            "description": "",
            "id": "LabRole",
            "max_session_duration": 3600,
            "name": "LabRole",
            "path": "/",
            "permissions_boundary": "",
            "role_last_used": [
              {
                "last_used_date": "2026-08-14T23:31:12Z",
                "region": "us-east-1"
              }
            ],
            "tags": {
              "cloudlab": "c210200a5334490l15066191t1w994207923238"
            },
            "unique_id": "AROA6O63I7QTCQC66AAEP"
          },
          "sensitive_attributes": [],
          "identity_schema_version": 0
        }
      ]
    },
    {
      "mode": "managed",
      "type": "aws_cloudwatch_log_group",
      "name": "ecs_logs",
      "provider": "provider[\"registry.terraform.io/hashicorp/aws\"]",
      "instances": [
        {
          "schema_version": 0,
          "attributes": {
            "arn": "arn:aws:logs:us-east-1:994207923238:log-group:/ecs/payment-task",
            "deletion_protection_enabled": false,
            "id": "/ecs/payment-task",
            "kms_key_id": "",
            "log_group_class": "STANDARD",
            "name": "/ecs/payment-task",
            "name_prefix": "",
            "region": "us-east-1",
            "retention_in_days": 1,
            "skip_destroy": false,
            "tags": {},
            "tags_all": {}
          },
          "sensitive_attributes": [],
          "identity_schema_version": 0,
          "identity": {
            "account_id": "994207923238",
            "name": "/ecs/payment-task",
            "region": "us-east-1"
          },
          "private": "bnVsbA=="
        }
      ]
    },
    {
      "mode": "managed",
      "type": "aws_dynamodb_table",
      "name": "transactions",
      "provider": "provider[\"registry.terraform.io/hashicorp/aws\"]",
      "instances": [
        {
          "schema_version": 1,
          "attributes": {
            "arn": "arn:aws:dynamodb:us-east-1:994207923238:table/CyberBank_Transactions",
            "attribute": [
              {
                "name": "transaction_id",
                "type": "S"
              }
            ],
            "billing_mode": "PAY_PER_REQUEST",
            "deletion_protection_enabled": false,
            "global_secondary_index": [],
            "global_table_witness": [],
            "hash_key": "transaction_id",
            "id": "CyberBank_Transactions",
            "import_table": [],
            "local_secondary_index": [],
            "name": "CyberBank_Transactions",
            "on_demand_throughput": [],
            "point_in_time_recovery": [
              {
                "enabled": false,
                "recovery_period_in_days": 0
              }
            ],
            "range_key": null,
            "read_capacity": 0,
            "region": "us-east-1",
            "replica": [],
            "restore_backup_arn": null,
            "restore_date_time": null,
            "restore_source_name": null,
            "restore_source_table_arn": null,
            "restore_to_latest_time": null,
            "server_side_encryption": [],
            "stream_arn": "",
            "stream_enabled": false,
            "stream_label": "",
            "stream_view_type": "",
            "table_class": "STANDARD",
            "tags": {},
            "tags_all": {},
            "timeouts": null,
            "ttl": [
              {
                "attribute_name": "",
                "enabled": false
              }
            ],
            "warm_throughput": [],
            "write_capacity": 0
          },
          "sensitive_attributes": [],
          "identity_schema_version": 0,
          "identity": {
            "account_id": "994207923238",
            "name": "CyberBank_Transactions",
            "region": "us-east-1"
          },
          "private": "eyJlMmJmYjczMC1lY2FhLTExZTYtOGY4OC0zNDM2M2JjN2M0YzAiOnsiY3JlYXRlIjoxODAwMDAwMDAwMDAwLCJkZWxldGUiOjYwMDAwMDAwMDAwMCwidXBkYXRlIjozNjAwMDAwMDAwMDAwfSwic2NoZW1hX3ZlcnNpb24iOiIxIn0="
        }
      ]
    },
    {
      "mode": "managed",
      "type": "aws_dynamodb_table",
      "name": "users",
      "provider": "provider[\"registry.terraform.io/hashicorp/aws\"]",
      "instances": [
        {
          "schema_version": 1,
          "attributes": {
            "arn": "arn:aws:dynamodb:us-east-1:994207923238:table/CyberBank_Users",
            "attribute": [
              {
                "name": "username",
                "type": "S"
              }
            ],
            "billing_mode": "PAY_PER_REQUEST",
            "deletion_protection_enabled": false,
            "global_secondary_index": [],
            "global_table_witness": [],
            "hash_key": "username",
            "id": "CyberBank_Users",
            "import_table": [],
            "local_secondary_index": [],
            "name": "CyberBank_Users",
            "on_demand_throughput": [],
            "point_in_time_recovery": [
              {
                "enabled": false,
                "recovery_period_in_days": 0
              }
            ],
            "range_key": null,
            "read_capacity": 0,
            "region": "us-east-1",
            "replica": [],
            "restore_backup_arn": null,
            "restore_date_time": null,
            "restore_source_name": null,
            "restore_source_table_arn": null,
            "restore_to_latest_time": null,
            "server_side_encryption": [],
            "stream_arn": "",
            "stream_enabled": false,
            "stream_label": "",
            "stream_view_type": "",
            "table_class": "STANDARD",
            "tags": {},
            "tags_all": {},
            "timeouts": null,
            "ttl": [
              {
                "attribute_name": "",
                "enabled": false
              }
            ],
            "warm_throughput": [],
            "write_capacity": 0
          },
          "sensitive_attributes": [],
          "identity_schema_version": 0,
          "identity": {
            "account_id": "994207923238",
            "name": "CyberBank_Users",
            "region": "us-east-1"
          },
          "private": "eyJlMmJmYjczMC1lY2FhLTExZTYtOGY4OC0zNDM2M2JjN2M0YzAiOnsiY3JlYXRlIjoxODAwMDAwMDAwMDAwLCJkZWxldGUiOjYwMDAwMDAwMDAwMCwidXBkYXRlIjozNjAwMDAwMDAwMDAwfSwic2NoZW1hX3ZlcnNpb24iOiIxIn0="
        }
      ]
    },
    {
      "mode": "managed",
      "type": "aws_dynamodb_table_item",
      "name": "demay",
      "provider": "provider[\"registry.terraform.io/hashicorp/aws\"]",
      "instances": [
        {
          "schema_version": 0,
          "attributes": {
            "hash_key": "username",
            "hash_key_value": "demay",
            "id": "CyberBank_Users,demay",
            "item": "{\"balance\":{\"N\":\"0\"},\"name\":{\"S\":\"Demay\"},\"password\":{\"S\":\"senha123\"},\"username\":{\"S\":\"demay\"}}\n",
            "range_key": null,
            "range_key_value": null,
            "region": "us-east-1",
            "table_name": "CyberBank_Users"
          },
          "sensitive_attributes": [],
          "identity_schema_version": 0,
          "identity": {
            "account_id": "994207923238",
            "hash_key_value": "demay",
            "range_key_value": null,
            "region": "us-east-1",
            "table_name": "CyberBank_Users"
          },
          "private": "bnVsbA==",
          "dependencies": [
            "aws_dynamodb_table.users"
          ]
        }
      ]
    },
    {
      "mode": "managed",
      "type": "aws_dynamodb_table_item",
      "name": "joao",
      "provider": "provider[\"registry.terraform.io/hashicorp/aws\"]",
      "instances": [
        {
          "schema_version": 0,
          "attributes": {
            "hash_key": "username",
            "hash_key_value": "joao",
            "id": "CyberBank_Users,joao",
            "item": "{\"balance\":{\"N\":\"150\"},\"name\":{\"S\":\"João Gustavo\"},\"password\":{\"S\":\"senha123\"},\"username\":{\"S\":\"joao\"}}\n",
            "range_key": null,
            "range_key_value": null,
            "region": "us-east-1",
            "table_name": "CyberBank_Users"
          },
          "sensitive_attributes": [],
          "identity_schema_version": 0,
          "identity": {
            "account_id": "994207923238",
            "hash_key_value": "joao",
            "range_key_value": null,
            "region": "us-east-1",
            "table_name": "CyberBank_Users"
          },
          "private": "bnVsbA==",
          "dependencies": [
            "aws_dynamodb_table.users"
          ]
        }
      ]
    },
    {
      "mode": "managed",
      "type": "aws_ecr_repository",
      "name": "payment_app",
      "provider": "provider[\"registry.terraform.io/hashicorp/aws\"]",
      "instances": [
        {
          "schema_version": 0,
          "attributes": {
            "arn": "arn:aws:ecr:us-east-1:994207923238:repository/payment-app-repo",
            "encryption_configuration": [
              {
                "encryption_type": "AES256",
                "kms_key": ""
              }
            ],
            "force_delete": true,
            "id": "payment-app-repo",
            "image_scanning_configuration": [
              {
                "scan_on_push": true
              }
            ],
            "image_tag_mutability": "MUTABLE",
            "image_tag_mutability_exclusion_filter": [],
            "name": "payment-app-repo",
            "region": "us-east-1",
            "registry_id": "994207923238",
            "repository_url": "994207923238.dkr.ecr.us-east-1.amazonaws.com/payment-app-repo",
            "tags": {},
            "tags_all": {},
            "timeouts": null
          },
          "sensitive_attributes": [],
          "identity_schema_version": 0,
          "identity": {
            "account_id": "994207923238",
            "name": "payment-app-repo",
            "region": "us-east-1"
          },
          "private": "eyJlMmJmYjczMC1lY2FhLTExZTYtOGY4OC0zNDM2M2JjN2M0YzAiOnsiZGVsZXRlIjoxMjAwMDAwMDAwMDAwfX0="
        }
      ]
    },
    {
      "mode": "managed",
      "type": "aws_ecs_cluster",
      "name": "main",
      "provider": "provider[\"registry.terraform.io/hashicorp/aws\"]",
      "instances": [
        {
          "schema_version": 0,
          "attributes": {
            "arn": "arn:aws:ecs:us-east-1:994207923238:cluster/payment-cluster",
            "configuration": [],
            "id": "arn:aws:ecs:us-east-1:994207923238:cluster/payment-cluster",
            "name": "payment-cluster",
            "region": "us-east-1",
            "service_connect_defaults": [],
            "setting": [
              {
                "name": "containerInsights",
                "value": "disabled"
              }
            ],
            "tags": {},
            "tags_all": {}
          },
          "sensitive_attributes": [],
          "identity_schema_version": 0,
          "private": "bnVsbA=="
        }
      ]
    },
    {
      "mode": "managed",
      "type": "aws_ecs_task_definition",
      "name": "app",
      "provider": "provider[\"registry.terraform.io/hashicorp/aws\"]",
      "instances": [
        {
          "schema_version": 1,
          "attributes": {
            "arn": "arn:aws:ecs:us-east-1:994207923238:task-definition/payment-task:3",
            "arn_without_revision": "arn:aws:ecs:us-east-1:994207923238:task-definition/payment-task",
            "container_definitions": "[{\"environment\":[],\"essential\":true,\"image\":\"994207923238.dkr.ecr.us-east-1.amazonaws.com/payment-app-repo:latest\",\"logConfiguration\":{\"logDriver\":\"awslogs\",\"options\":{\"awslogs-stream-prefix\":\"ecs\",\"awslogs-group\":\"/ecs/payment-task\",\"awslogs-region\":\"us-east-1\"}},\"mountPoints\":[],\"name\":\"payment-container\",\"portMappings\":[{\"containerPort\":3000,\"hostPort\":3000,\"protocol\":\"tcp\"}],\"systemControls\":[],\"volumesFrom\":[]}]",
            "cpu": "256",
            "enable_fault_injection": false,
            "ephemeral_storage": [],
            "execution_role_arn": "arn:aws:iam::994207923238:role/LabRole",
            "family": "payment-task",
            "id": "payment-task",
            "ipc_mode": "",
            "memory": "512",
            "network_mode": "awsvpc",
            "pid_mode": "",
            "placement_constraints": [],
            "proxy_configuration": [],
            "region": "us-east-1",
            "requires_compatibilities": [
              "FARGATE"
            ],
            "revision": 3,
            "runtime_platform": [],
            "skip_destroy": false,
            "tags": {},
            "tags_all": {},
            "task_role_arn": "arn:aws:iam::994207923238:role/LabRole",
            "track_latest": false,
            "volume": []
          },
          "sensitive_attributes": [],
          "identity_schema_version": 0,
          "identity": {
            "account_id": "994207923238",
            "family": "payment-task",
            "region": "us-east-1",
            "revision": 3
          },
          "private": "eyJzY2hlbWFfdmVyc2lvbiI6IjEifQ==",
          "dependencies": [
            "aws_cloudwatch_log_group.ecs_logs",
            "aws_ecr_repository.payment_app",
            "data.aws_iam_role.lab_role"
          ]
        }
      ]
    }
  ],
  "check_results": null
}
